
Microsoft Visual Studio Solution File, Format Version 12.00
# Visual Studio Version 17
VisualStudioVersion = 17.10.34916.146
MinimumVisualStudioVersion = 10.0.40219.1
Project("{9A19103F-16F7-4668-BE54-9A1E7A4F7556}") = "TaskTracker.WebAPI", "TaskTracker.WebAPI\TaskTracker.WebAPI.csproj", "{C408E5DA-23B9-4180-B7E6-B6D1EFCE4D0E}"
EndProject
Project("{9A19103F-16F7-4668-BE54-9A1E7A4F7556}") = "TaskTracker.Domain", "TaskTracker.Domain\TaskTracker.Domain.csproj", "{2AA2DB5C-BA22-40B3-849A-3E9DCBE402D6}"
EndProject
Project("{9A19103F-16F7-4668-BE54-9A1E7A4F7556}") = "TaskTracker.Application", "TaskTracker.Application\TaskTracker.Application.csproj", "{B2987A43-8791-4436-B399-1AF14CD4A439}"
EndProject
Project("{9A19103F-16F7-4668-BE54-9A1E7A4F7556}") = "TaskTracker.Infrastructure", "TaskTracker.Infrastructure\TaskTracker.Infrastructure.csproj", "{E3861D23-6FB3-4BF8-A1A3-06AE942954E8}"
EndProject
Project("{FAE04EC0-301F-11D3-BF4B-00C04F79EFBC}") = "TaskTracker.Test", "TaskTracker.Test\TaskTracker.Test.csproj", "{A1342AC6-526D-40F5-AB11-C86BA38C34EE}"
EndProject
Global
	GlobalSection(SolutionConfigurationPlatforms) = preSolution
		Debug|Any CPU = Debug|Any CPU
		Release|Any CPU = Release|Any CPU
	EndGlobalSection
	GlobalSection(ProjectConfigurationPlatforms) = postSolution
		{C408E5DA-23B9-4180-B7E6-B6D1EFCE4D0E}.Debug|Any CPU.ActiveCfg = Debug|Any CPU
		{C408E5DA-23B9-4180-B7E6-B6D1EFCE4D0E}.Debug|Any CPU.Build.0 = Debug|Any CPU
		{C408E5DA-23B9-4180-B7E6-B6D1EFCE4D0E}.Release|Any CPU.ActiveCfg = Release|Any CPU
		{C408E5DA-23B9-4180-B7E6-B6D1EFCE4D0E}.Release|Any CPU.Build.0 = Release|Any CPU
		{2AA2DB5C-BA22-40B3-849A-3E9DCBE402D6}.Debug|Any CPU.ActiveCfg = Debug|Any CPU
		{2AA2DB5C-BA22-40B3-849A-3E9DCBE402D6}.Debug|Any CPU.Build.0 = Debug|Any CPU
		{2AA2DB5C-BA22-40B3-849A-3E9DCBE402D6}.Release|Any CPU.ActiveCfg = Release|Any CPU
		{2AA2DB5C-BA22-40B3-849A-3E9DCBE402D6}.Release|Any CPU.Build.0 = Release|Any CPU
		{B2987A43-8791-4436-B399-1AF14CD4A439}.Debug|Any CPU.ActiveCfg = Debug|Any CPU
		{B2987A43-8791-4436-B399-1AF14CD4A439}.Debug|Any CPU.Build.0 = Debug|Any CPU
		{B2987A43-8791-4436-B399-1AF14CD4A439}.Release|Any CPU.ActiveCfg = Release|Any CPU
		{B2987A43-8791-4436-B399-1AF14CD4A439}.Release|Any CPU.Build.0 = Release|Any CPU
		{E3861D23-6FB3-4BF8-A1A3-06AE942954E8}.Debug|Any CPU.ActiveCfg = Debug|Any CPU
		{E3861D23-6FB3-4BF8-A1A3-06AE942954E8}.Debug|Any CPU.Build.0 = Debug|Any CPU
		{E3861D23-6FB3-4BF8-A1A3-06AE942954E8}.Release|Any CPU.ActiveCfg = Release|Any CPU
		{E3861D23-6FB3-4BF8-A1A3-06AE942954E8}.Release|Any CPU.Build.0 = Release|Any CPU
		{A1342AC6-526D-40F5-AB11-C86BA38C34EE}.Debug|Any CPU.ActiveCfg = Debug|Any CPU
		{A1342AC6-526D-40F5-AB11-C86BA38C34EE}.Debug|Any CPU.Build.0 = Debug|Any CPU
		{A1342AC6-526D-40F5-AB11-C86BA38C34EE}.Release|Any CPU.ActiveCfg = Release|Any CPU
		{A1342AC6-526D-40F5-AB11-C86BA38C34EE}.Release|Any CPU.Build.0 = Release|Any CPU
	EndGlobalSection
	GlobalSection(SolutionProperties) = preSolution
		HideSolutionNode = FALSE
	EndGlobalSection
	GlobalSection(ExtensibilityGlobals) = postSolution
		SolutionGuid = {A78427D7-3873-4545-A99A-34898E17A5CA}
	EndGlobalSection
EndGlobal
